
Microsoft Visual Studio Solution File, Format Version 12.00
# Visual Studio 15
VisualStudioVersion = 15.0.26730.15
MinimumVisualStudioVersion = 10.0.40219.1
Project("{FAE04EC0-301F-11D3-BF4B-00C04F79EFBC}") = "AppWork", "AppWork\AppWork.csproj", "{DCE4D0FA-5D6A-4F48-A991-F8A7E0404217}"
EndProject
Project("{FAE04EC0-301F-11D3-BF4B-00C04F79EFBC}") = "KeyboardHooks", "KeyboardHooks\KeyboardHooks.csproj", "{D9DEDC41-6FC9-4BAB-877B-DC4A3973ACCB}"
EndProject
Global
	GlobalSection(SolutionConfigurationPlatforms) = preSolution
		Debug|Any CPU = Debug|Any CPU
		Release|Any CPU = Release|Any CPU
	EndGlobalSection
	GlobalSection(ProjectConfigurationPlatforms) = postSolution
		{DCE4D0FA-5D6A-4F48-A991-F8A7E0404217}.Debug|Any CPU.ActiveCfg = Debug|Any CPU
		{DCE4D0FA-5D6A-4F48-A991-F8A7E0404217}.Debug|Any CPU.Build.0 = Debug|Any CPU
		{DCE4D0FA-5D6A-4F48-A991-F8A7E0404217}.Release|Any CPU.ActiveCfg = Release|Any CPU
		{DCE4D0FA-5D6A-4F48-A991-F8A7E0404217}.Release|Any CPU.Build.0 = Release|Any CPU
		{D9DEDC41-6FC9-4BAB-877B-DC4A3973ACCB}.Debug|Any CPU.ActiveCfg = Debug|Any CPU
		{D9DEDC41-6FC9-4BAB-877B-DC4A3973ACCB}.Debug|Any CPU.Build.0 = Debug|Any CPU
		{D9DEDC41-6FC9-4BAB-877B-DC4A3973ACCB}.Release|Any CPU.ActiveCfg = Release|Any CPU
		{D9DEDC41-6FC9-4BAB-877B-DC4A3973ACCB}.Release|Any CPU.Build.0 = Release|Any CPU
	EndGlobalSection
	GlobalSection(SolutionProperties) = preSolution
		HideSolutionNode = FALSE
	EndGlobalSection
	GlobalSection(ExtensibilityGlobals) = postSolution
		SolutionGuid = {50FEC717-96BF-4420-B4FE-28E38A4ADC1B}
	EndGlobalSection
EndGlobal
